<?xml version="1.0" encoding="UTF-8" standalone="yes" ?>
<CodeBlocks_project_file>
	<FileVersion major="1" minor="6" />
	<Project>
		<Option title="Non-Binary Tree Dinamis" />
		<Option pch_mode="2" />
		<Option compiler="gcc" />
		<Build>
			<Target title="default">
				<Option output="Non-Binary Tree Dinamis" prefix_auto="1" extension_auto="1" />
				<Option type="1" />
				<Option compiler="gcc" />
			</Target>
		</Build>
		<Unit filename="NBTreeD.cpp" />
		<Unit filename="NBTreeD.h" />
		<Unit filename="boolean.h" />
		<Unit filename="header.h" />
		<Unit filename="linked.cpp" />
		<Unit filename="linked.h" />
		<Unit filename="main.cpp" />
		<Unit filename="queue.cpp" />
		<Unit filename="queue.h" />
		<Extensions />
	</Project>
</CodeBlocks_project_file>
